
Microsoft Visual Studio Solution File, Format Version 12.00
# Visual Studio Version 16
VisualStudioVersion = 16.0.28407.52
MinimumVisualStudioVersion = 15.0.26124.0
Project("{9A19103F-16F7-4668-BE54-9A1E7A4F7556}") = "IoT.Device", "IoT.Device\IoT.Device.csproj", "{23428DEE-5349-4E2E-BA99-EBFF938820C8}"
EndProject
Project("{9A19103F-16F7-4668-BE54-9A1E7A4F7556}") = "IoT.Device.Lumi", "IoT.Device.Lumi\IoT.Device.Lumi.csproj", "{49B82C80-3E10-4B80-91E6-A91E10050D49}"
EndProject
Project("{9A19103F-16F7-4668-BE54-9A1E7A4F7556}") = "IoT.Device.Upnp", "IoT.Device.Upnp\IoT.Device.Upnp.csproj", "{164BE944-6B6C-4341-8307-10AF904C09CF}"
EndProject
Project("{9A19103F-16F7-4668-BE54-9A1E7A4F7556}") = "IoT.Device.Upnp.Umi", "IoT.Device.Upnp.Umi\IoT.Device.Upnp.Umi.csproj", "{1E5ECF1A-B106-4007-93F5-B397AA5217E2}"
EndProject
Project("{9A19103F-16F7-4668-BE54-9A1E7A4F7556}") = "IoT.Protocol", "IoT.Protocol\IoT.Protocol\IoT.Protocol.csproj", "{E3B27618-0F10-4ECD-BA71-14EF67323E96}"
EndProject
Project("{9A19103F-16F7-4668-BE54-9A1E7A4F7556}") = "IoT.Protocol.Lumi", "IoT.Protocol\IoT.Protocol.Lumi\IoT.Protocol.Lumi.csproj", "{20953794-BD7F-4E33-B1C8-0DCFE9B484E9}"
EndProject
Project("{9A19103F-16F7-4668-BE54-9A1E7A4F7556}") = "IoT.Protocol.Upnp", "IoT.Protocol\IoT.Protocol.Upnp\IoT.Protocol.Upnp.csproj", "{79CC3ED6-9FA8-41D8-B3FC-4A9DD9D4CDCD}"
EndProject
Project("{9A19103F-16F7-4668-BE54-9A1E7A4F7556}") = "IoT.Protocol.Soap", "IoT.Protocol\IoT.Protocol.Soap\IoT.Protocol.Soap.csproj", "{2A12C1C5-074E-4B7C-9239-8240BB9B64D3}"
EndProject
Project("{9A19103F-16F7-4668-BE54-9A1E7A4F7556}") = "IoT.Protocol.Yeelight", "IoT.Protocol\IoT.Protocol.Yeelight\IoT.Protocol.Yeelight.csproj", "{A44AA649-5F28-44CA-B719-5B4810642269}"
EndProject
Project("{9A19103F-16F7-4668-BE54-9A1E7A4F7556}") = "System.Common", "IoT.Protocol\System.Common\System.Common\System.Common.csproj", "{46FE9D4E-E6F7-4023-8161-C610B60A18F8}"
EndProject
Project("{9A19103F-16F7-4668-BE54-9A1E7A4F7556}") = "System.Common.Net", "IoT.Protocol\System.Common\System.Common.Net\System.Common.Net.csproj", "{DFF5AD42-52C9-4A3E-8B4D-21D88846BE89}"
EndProject
Project("{9A19103F-16F7-4668-BE54-9A1E7A4F7556}") = "System.Common.CommandLine", "IoT.Protocol\System.Common\System.Common.CommandLine\System.Common.CommandLine.csproj", "{141AE13E-4AC9-4269-A0EE-27F8749C5D96}"
EndProject
Project("{9A19103F-16F7-4668-BE54-9A1E7A4F7556}") = "System.Common.Configuration", "IoT.Protocol\System.Common\System.Common.Configuration\System.Common.Configuration.csproj", "{ED4ECA55-EC73-47C6-80D4-5CD38864B0E6}"
EndProject
Project("{2150E333-8FDC-42A3-9474-1A3956D46DE8}") = "Solution Items", "Solution Items", "{EF943D83-C960-49D2-91A3-F7F5909E98A1}"
	ProjectSection(SolutionItems) = preProject
		.editorconfig = .editorconfig
		Directory.Build.props = Directory.Build.props
		ProductInfo.cs = ProductInfo.cs
	EndProjectSection
EndProject
Project("{FAE04EC0-301F-11D3-BF4B-00C04F79EFBC}") = "IoT.Device.Yeelight", "IoT.Device.Yeelight\IoT.Device.Yeelight.csproj", "{EF1E1F4C-6D34-4D81-8624-884976D15173}"
EndProject
Project("{FAE04EC0-301F-11D3-BF4B-00C04F79EFBC}") = "IoT.Device.Generators", "IoT.Device.Generators\IoT.Device.Generators.csproj", "{E7B44428-3253-4E11-8B0A-B14214874451}"
EndProject
Global
	GlobalSection(SolutionConfigurationPlatforms) = preSolution
		Debug|Any CPU = Debug|Any CPU
		Debug|x64 = Debug|x64
		Debug|x86 = Debug|x86
		Release|Any CPU = Release|Any CPU
		Release|x64 = Release|x64
		Release|x86 = Release|x86
	EndGlobalSection
	GlobalSection(ProjectConfigurationPlatforms) = postSolution
		{23428DEE-5349-4E2E-BA99-EBFF938820C8}.Debug|Any CPU.ActiveCfg = Debug|Any CPU
		{23428DEE-5349-4E2E-BA99-EBFF938820C8}.Debug|Any CPU.Build.0 = Debug|Any CPU
		{23428DEE-5349-4E2E-BA99-EBFF938820C8}.Debug|x64.ActiveCfg = Debug|Any CPU
		{23428DEE-5349-4E2E-BA99-EBFF938820C8}.Debug|x64.Build.0 = Debug|Any CPU
		{23428DEE-5349-4E2E-BA99-EBFF938820C8}.Debug|x86.ActiveCfg = Debug|Any CPU
		{23428DEE-5349-4E2E-BA99-EBFF938820C8}.Debug|x86.Build.0 = Debug|Any CPU
		{23428DEE-5349-4E2E-BA99-EBFF938820C8}.Release|Any CPU.ActiveCfg = Release|Any CPU
		{23428DEE-5349-4E2E-BA99-EBFF938820C8}.Release|Any CPU.Build.0 = Release|Any CPU
		{23428DEE-5349-4E2E-BA99-EBFF938820C8}.Release|x64.ActiveCfg = Release|Any CPU
		{23428DEE-5349-4E2E-BA99-EBFF938820C8}.Release|x64.Build.0 = Release|Any CPU
		{23428DEE-5349-4E2E-BA99-EBFF938820C8}.Release|x86.ActiveCfg = Release|Any CPU
		{23428DEE-5349-4E2E-BA99-EBFF938820C8}.Release|x86.Build.0 = Release|Any CPU
		{49B82C80-3E10-4B80-91E6-A91E10050D49}.Debug|Any CPU.ActiveCfg = Debug|Any CPU
		{49B82C80-3E10-4B80-91E6-A91E10050D49}.Debug|Any CPU.Build.0 = Debug|Any CPU
		{49B82C80-3E10-4B80-91E6-A91E10050D49}.Debug|x64.ActiveCfg = Debug|Any CPU
		{49B82C80-3E10-4B80-91E6-A91E10050D49}.Debug|x64.Build.0 = Debug|Any CPU
		{49B82C80-3E10-4B80-91E6-A91E10050D49}.Debug|x86.ActiveCfg = Debug|Any CPU
		{49B82C80-3E10-4B80-91E6-A91E10050D49}.Debug|x86.Build.0 = Debug|Any CPU
		{49B82C80-3E10-4B80-91E6-A91E10050D49}.Release|Any CPU.ActiveCfg = Release|Any CPU
		{49B82C80-3E10-4B80-91E6-A91E10050D49}.Release|Any CPU.Build.0 = Release|Any CPU
		{49B82C80-3E10-4B80-91E6-A91E10050D49}.Release|x64.ActiveCfg = Release|Any CPU
		{49B82C80-3E10-4B80-91E6-A91E10050D49}.Release|x64.Build.0 = Release|Any CPU
		{49B82C80-3E10-4B80-91E6-A91E10050D49}.Release|x86.ActiveCfg = Release|Any CPU
		{49B82C80-3E10-4B80-91E6-A91E10050D49}.Release|x86.Build.0 = Release|Any CPU
		{164BE944-6B6C-4341-8307-10AF904C09CF}.Debug|Any CPU.ActiveCfg = Debug|Any CPU
		{164BE944-6B6C-4341-8307-10AF904C09CF}.Debug|Any CPU.Build.0 = Debug|Any CPU
		{164BE944-6B6C-4341-8307-10AF904C09CF}.Debug|x64.ActiveCfg = Debug|Any CPU
		{164BE944-6B6C-4341-8307-10AF904C09CF}.Debug|x64.Build.0 = Debug|Any CPU
		{164BE944-6B6C-4341-8307-10AF904C09CF}.Debug|x86.ActiveCfg = Debug|Any CPU
		{164BE944-6B6C-4341-8307-10AF904C09CF}.Debug|x86.Build.0 = Debug|Any CPU
		{164BE944-6B6C-4341-8307-10AF904C09CF}.Release|Any CPU.ActiveCfg = Release|Any CPU
		{164BE944-6B6C-4341-8307-10AF904C09CF}.Release|Any CPU.Build.0 = Release|Any CPU
		{164BE944-6B6C-4341-8307-10AF904C09CF}.Release|x64.ActiveCfg = Release|Any CPU
		{164BE944-6B6C-4341-8307-10AF904C09CF}.Release|x64.Build.0 = Release|Any CPU
		{164BE944-6B6C-4341-8307-10AF904C09CF}.Release|x86.ActiveCfg = Release|Any CPU
		{164BE944-6B6C-4341-8307-10AF904C09CF}.Release|x86.Build.0 = Release|Any CPU
		{1E5ECF1A-B106-4007-93F5-B397AA5217E2}.Debug|Any CPU.ActiveCfg = Debug|Any CPU
		{1E5ECF1A-B106-4007-93F5-B397AA5217E2}.Debug|Any CPU.Build.0 = Debug|Any CPU
		{1E5ECF1A-B106-4007-93F5-B397AA5217E2}.Debug|x64.ActiveCfg = Debug|Any CPU
		{1E5ECF1A-B106-4007-93F5-B397AA5217E2}.Debug|x64.Build.0 = Debug|Any CPU
		{1E5ECF1A-B106-4007-93F5-B397AA5217E2}.Debug|x86.ActiveCfg = Debug|Any CPU
		{1E5ECF1A-B106-4007-93F5-B397AA5217E2}.Debug|x86.Build.0 = Debug|Any CPU
		{1E5ECF1A-B106-4007-93F5-B397AA5217E2}.Release|Any CPU.ActiveCfg = Release|Any CPU
		{1E5ECF1A-B106-4007-93F5-B397AA5217E2}.Release|Any CPU.Build.0 = Release|Any CPU
		{1E5ECF1A-B106-4007-93F5-B397AA5217E2}.Release|x64.ActiveCfg = Release|Any CPU
		{1E5ECF1A-B106-4007-93F5-B397AA5217E2}.Release|x64.Build.0 = Release|Any CPU
		{1E5ECF1A-B106-4007-93F5-B397AA5217E2}.Release|x86.ActiveCfg = Release|Any CPU
		{1E5ECF1A-B106-4007-93F5-B397AA5217E2}.Release|x86.Build.0 = Release|Any CPU
		{E3B27618-0F10-4ECD-BA71-14EF67323E96}.Debug|Any CPU.ActiveCfg = Debug|Any CPU
		{E3B27618-0F10-4ECD-BA71-14EF67323E96}.Debug|Any CPU.Build.0 = Debug|Any CPU
		{E3B27618-0F10-4ECD-BA71-14EF67323E96}.Debug|x64.ActiveCfg = Debug|Any CPU
		{E3B27618-0F10-4ECD-BA71-14EF67323E96}.Debug|x64.Build.0 = Debug|Any CPU
		{E3B27618-0F10-4ECD-BA71-14EF67323E96}.Debug|x86.ActiveCfg = Debug|Any CPU
		{E3B27618-0F10-4ECD-BA71-14EF67323E96}.Debug|x86.Build.0 = Debug|Any CPU
		{E3B27618-0F10-4ECD-BA71-14EF67323E96}.Release|Any CPU.ActiveCfg = Release|Any CPU
		{E3B27618-0F10-4ECD-BA71-14EF67323E96}.Release|Any CPU.Build.0 = Release|Any CPU
		{E3B27618-0F10-4ECD-BA71-14EF67323E96}.Release|x64.ActiveCfg = Release|Any CPU
		{E3B27618-0F10-4ECD-BA71-14EF67323E96}.Release|x64.Build.0 = Release|Any CPU
		{E3B27618-0F10-4ECD-BA71-14EF67323E96}.Release|x86.ActiveCfg = Release|Any CPU
		{E3B27618-0F10-4ECD-BA71-14EF67323E96}.Release|x86.Build.0 = Release|Any CPU
		{20953794-BD7F-4E33-B1C8-0DCFE9B484E9}.Debug|Any CPU.ActiveCfg = Debug|Any CPU
		{20953794-BD7F-4E33-B1C8-0DCFE9B484E9}.Debug|Any CPU.Build.0 = Debug|Any CPU
		{20953794-BD7F-4E33-B1C8-0DCFE9B484E9}.Debug|x64.ActiveCfg = Debug|Any CPU
		{20953794-BD7F-4E33-B1C8-0DCFE9B484E9}.Debug|x64.Build.0 = Debug|Any CPU
		{20953794-BD7F-4E33-B1C8-0DCFE9B484E9}.Debug|x86.ActiveCfg = Debug|Any CPU
		{20953794-BD7F-4E33-B1C8-0DCFE9B484E9}.Debug|x86.Build.0 = Debug|Any CPU
		{20953794-BD7F-4E33-B1C8-0DCFE9B484E9}.Release|Any CPU.ActiveCfg = Release|Any CPU
		{20953794-BD7F-4E33-B1C8-0DCFE9B484E9}.Release|Any CPU.Build.0 = Release|Any CPU
		{20953794-BD7F-4E33-B1C8-0DCFE9B484E9}.Release|x64.ActiveCfg = Release|Any CPU
		{20953794-BD7F-4E33-B1C8-0DCFE9B484E9}.Release|x64.Build.0 = Release|Any CPU
		{20953794-BD7F-4E33-B1C8-0DCFE9B484E9}.Release|x86.ActiveCfg = Release|Any CPU
		{20953794-BD7F-4E33-B1C8-0DCFE9B484E9}.Release|x86.Build.0 = Release|Any CPU
		{79CC3ED6-9FA8-41D8-B3FC-4A9DD9D4CDCD}.Debug|Any CPU.ActiveCfg = Debug|Any CPU
		{79CC3ED6-9FA8-41D8-B3FC-4A9DD9D4CDCD}.Debug|Any CPU.Build.0 = Debug|Any CPU
		{79CC3ED6-9FA8-41D8-B3FC-4A9DD9D4CDCD}.Debug|x64.ActiveCfg = Debug|Any CPU
		{79CC3ED6-9FA8-41D8-B3FC-4A9DD9D4CDCD}.Debug|x64.Build.0 = Debug|Any CPU
		{79CC3ED6-9FA8-41D8-B3FC-4A9DD9D4CDCD}.Debug|x86.ActiveCfg = Debug|Any CPU
		{79CC3ED6-9FA8-41D8-B3FC-4A9DD9D4CDCD}.Debug|x86.Build.0 = Debug|Any CPU
		{79CC3ED6-9FA8-41D8-B3FC-4A9DD9D4CDCD}.Release|Any CPU.ActiveCfg = Release|Any CPU
		{79CC3ED6-9FA8-41D8-B3FC-4A9DD9D4CDCD}.Release|Any CPU.Build.0 = Release|Any CPU
		{79CC3ED6-9FA8-41D8-B3FC-4A9DD9D4CDCD}.Release|x64.ActiveCfg = Release|Any CPU
		{79CC3ED6-9FA8-41D8-B3FC-4A9DD9D4CDCD}.Release|x64.Build.0 = Release|Any CPU
		{79CC3ED6-9FA8-41D8-B3FC-4A9DD9D4CDCD}.Release|x86.ActiveCfg = Release|Any CPU
		{79CC3ED6-9FA8-41D8-B3FC-4A9DD9D4CDCD}.Release|x86.Build.0 = Release|Any CPU
		{2A12C1C5-074E-4B7C-9239-8240BB9B64D3}.Debug|Any CPU.ActiveCfg = Debug|Any CPU
		{2A12C1C5-074E-4B7C-9239-8240BB9B64D3}.Debug|Any CPU.Build.0 = Debug|Any CPU
		{2A12C1C5-074E-4B7C-9239-8240BB9B64D3}.Debug|x64.ActiveCfg = Debug|Any CPU
		{2A12C1C5-074E-4B7C-9239-8240BB9B64D3}.Debug|x64.Build.0 = Debug|Any CPU
		{2A12C1C5-074E-4B7C-9239-8240BB9B64D3}.Debug|x86.ActiveCfg = Debug|Any CPU
		{2A12C1C5-074E-4B7C-9239-8240BB9B64D3}.Debug|x86.Build.0 = Debug|Any CPU
		{2A12C1C5-074E-4B7C-9239-8240BB9B64D3}.Release|Any CPU.ActiveCfg = Release|Any CPU
		{2A12C1C5-074E-4B7C-9239-8240BB9B64D3}.Release|Any CPU.Build.0 = Release|Any CPU
		{2A12C1C5-074E-4B7C-9239-8240BB9B64D3}.Release|x64.ActiveCfg = Release|Any CPU
		{2A12C1C5-074E-4B7C-9239-8240BB9B64D3}.Release|x64.Build.0 = Release|Any CPU
		{2A12C1C5-074E-4B7C-9239-8240BB9B64D3}.Release|x86.ActiveCfg = Release|Any CPU
		{2A12C1C5-074E-4B7C-9239-8240BB9B64D3}.Release|x86.Build.0 = Release|Any CPU
		{A44AA649-5F28-44CA-B719-5B4810642269}.Debug|Any CPU.ActiveCfg = Debug|Any CPU
		{A44AA649-5F28-44CA-B719-5B4810642269}.Debug|Any CPU.Build.0 = Debug|Any CPU
		{A44AA649-5F28-44CA-B719-5B4810642269}.Debug|x64.ActiveCfg = Debug|Any CPU
		{A44AA649-5F28-44CA-B719-5B4810642269}.Debug|x64.Build.0 = Debug|Any CPU
		{A44AA649-5F28-44CA-B719-5B4810642269}.Debug|x86.ActiveCfg = Debug|Any CPU
		{A44AA649-5F28-44CA-B719-5B4810642269}.Debug|x86.Build.0 = Debug|Any CPU
		{A44AA649-5F28-44CA-B719-5B4810642269}.Release|Any CPU.ActiveCfg = Release|Any CPU
		{A44AA649-5F28-44CA-B719-5B4810642269}.Release|Any CPU.Build.0 = Release|Any CPU
		{A44AA649-5F28-44CA-B719-5B4810642269}.Release|x64.ActiveCfg = Release|Any CPU
		{A44AA649-5F28-44CA-B719-5B4810642269}.Release|x64.Build.0 = Release|Any CPU
		{A44AA649-5F28-44CA-B719-5B4810642269}.Release|x86.ActiveCfg = Release|Any CPU
		{A44AA649-5F28-44CA-B719-5B4810642269}.Release|x86.Build.0 = Release|Any CPU
		{46FE9D4E-E6F7-4023-8161-C610B60A18F8}.Debug|Any CPU.ActiveCfg = Debug|Any CPU
		{46FE9D4E-E6F7-4023-8161-C610B60A18F8}.Debug|Any CPU.Build.0 = Debug|Any CPU
		{46FE9D4E-E6F7-4023-8161-C610B60A18F8}.Debug|x64.ActiveCfg = Debug|Any CPU
		{46FE9D4E-E6F7-4023-8161-C610B60A18F8}.Debug|x64.Build.0 = Debug|Any CPU
		{46FE9D4E-E6F7-4023-8161-C610B60A18F8}.Debug|x86.ActiveCfg = Debug|Any CPU
		{46FE9D4E-E6F7-4023-8161-C610B60A18F8}.Debug|x86.Build.0 = Debug|Any CPU
		{46FE9D4E-E6F7-4023-8161-C610B60A18F8}.Release|Any CPU.ActiveCfg = Release|Any CPU
		{46FE9D4E-E6F7-4023-8161-C610B60A18F8}.Release|Any CPU.Build.0 = Release|Any CPU
		{46FE9D4E-E6F7-4023-8161-C610B60A18F8}.Release|x64.ActiveCfg = Release|Any CPU
		{46FE9D4E-E6F7-4023-8161-C610B60A18F8}.Release|x64.Build.0 = Release|Any CPU
		{46FE9D4E-E6F7-4023-8161-C610B60A18F8}.Release|x86.ActiveCfg = Release|Any CPU
		{46FE9D4E-E6F7-4023-8161-C610B60A18F8}.Release|x86.Build.0 = Release|Any CPU
		{DFF5AD42-52C9-4A3E-8B4D-21D88846BE89}.Debug|Any CPU.ActiveCfg = Debug|Any CPU
		{DFF5AD42-52C9-4A3E-8B4D-21D88846BE89}.Debug|Any CPU.Build.0 = Debug|Any CPU
		{DFF5AD42-52C9-4A3E-8B4D-21D88846BE89}.Debug|x64.ActiveCfg = Debug|Any CPU
		{DFF5AD42-52C9-4A3E-8B4D-21D88846BE89}.Debug|x64.Build.0 = Debug|Any CPU
		{DFF5AD42-52C9-4A3E-8B4D-21D88846BE89}.Debug|x86.ActiveCfg = Debug|Any CPU
		{DFF5AD42-52C9-4A3E-8B4D-21D88846BE89}.Debug|x86.Build.0 = Debug|Any CPU
		{DFF5AD42-52C9-4A3E-8B4D-21D88846BE89}.Release|Any CPU.ActiveCfg = Release|Any CPU
		{DFF5AD42-52C9-4A3E-8B4D-21D88846BE89}.Release|Any CPU.Build.0 = Release|Any CPU
		{DFF5AD42-52C9-4A3E-8B4D-21D88846BE89}.Release|x64.ActiveCfg = Release|Any CPU
		{DFF5AD42-52C9-4A3E-8B4D-21D88846BE89}.Release|x64.Build.0 = Release|Any CPU
		{DFF5AD42-52C9-4A3E-8B4D-21D88846BE89}.Release|x86.ActiveCfg = Release|Any CPU
		{DFF5AD42-52C9-4A3E-8B4D-21D88846BE89}.Release|x86.Build.0 = Release|Any CPU
		{141AE13E-4AC9-4269-A0EE-27F8749C5D96}.Debug|Any CPU.ActiveCfg = Debug|Any CPU
		{141AE13E-4AC9-4269-A0EE-27F8749C5D96}.Debug|Any CPU.Build.0 = Debug|Any CPU
		{141AE13E-4AC9-4269-A0EE-27F8749C5D96}.Debug|x64.ActiveCfg = Debug|Any CPU
		{141AE13E-4AC9-4269-A0EE-27F8749C5D96}.Debug|x64.Build.0 = Debug|Any CPU
		{141AE13E-4AC9-4269-A0EE-27F8749C5D96}.Debug|x86.ActiveCfg = Debug|Any CPU
		{141AE13E-4AC9-4269-A0EE-27F8749C5D96}.Debug|x86.Build.0 = Debug|Any CPU
		{141AE13E-4AC9-4269-A0EE-27F8749C5D96}.Release|Any CPU.ActiveCfg = Release|Any CPU
		{141AE13E-4AC9-4269-A0EE-27F8749C5D96}.Release|Any CPU.Build.0 = Release|Any CPU
		{141AE13E-4AC9-4269-A0EE-27F8749C5D96}.Release|x64.ActiveCfg = Release|Any CPU
		{141AE13E-4AC9-4269-A0EE-27F8749C5D96}.Release|x64.Build.0 = Release|Any CPU
		{141AE13E-4AC9-4269-A0EE-27F8749C5D96}.Release|x86.ActiveCfg = Release|Any CPU
		{141AE13E-4AC9-4269-A0EE-27F8749C5D96}.Release|x86.Build.0 = Release|Any CPU
		{ED4ECA55-EC73-47C6-80D4-5CD38864B0E6}.Debug|Any CPU.ActiveCfg = Debug|Any CPU
		{ED4ECA55-EC73-47C6-80D4-5CD38864B0E6}.Debug|Any CPU.Build.0 = Debug|Any CPU
		{ED4ECA55-EC73-47C6-80D4-5CD38864B0E6}.Debug|x64.ActiveCfg = Debug|Any CPU
		{ED4ECA55-EC73-47C6-80D4-5CD38864B0E6}.Debug|x64.Build.0 = Debug|Any CPU
		{ED4ECA55-EC73-47C6-80D4-5CD38864B0E6}.Debug|x86.ActiveCfg = Debug|Any CPU
		{ED4ECA55-EC73-47C6-80D4-5CD38864B0E6}.Debug|x86.Build.0 = Debug|Any CPU
		{ED4ECA55-EC73-47C6-80D4-5CD38864B0E6}.Release|Any CPU.ActiveCfg = Release|Any CPU
		{ED4ECA55-EC73-47C6-80D4-5CD38864B0E6}.Release|Any CPU.Build.0 = Release|Any CPU
		{ED4ECA55-EC73-47C6-80D4-5CD38864B0E6}.Release|x64.ActiveCfg = Release|Any CPU
		{ED4ECA55-EC73-47C6-80D4-5CD38864B0E6}.Release|x64.Build.0 = Release|Any CPU
		{ED4ECA55-EC73-47C6-80D4-5CD38864B0E6}.Release|x86.ActiveCfg = Release|Any CPU
		{ED4ECA55-EC73-47C6-80D4-5CD38864B0E6}.Release|x86.Build.0 = Release|Any CPU
		{C0E3077D-A138-4A93-B007-CB4913EB021F}.Debug|Any CPU.ActiveCfg = Debug|Any CPU
		{C0E3077D-A138-4A93-B007-CB4913EB021F}.Debug|Any CPU.Build.0 = Debug|Any CPU
		{C0E3077D-A138-4A93-B007-CB4913EB021F}.Debug|x64.ActiveCfg = Debug|Any CPU
		{C0E3077D-A138-4A93-B007-CB4913EB021F}.Debug|x64.Build.0 = Debug|Any CPU
		{C0E3077D-A138-4A93-B007-CB4913EB021F}.Debug|x86.ActiveCfg = Debug|Any CPU
		{C0E3077D-A138-4A93-B007-CB4913EB021F}.Debug|x86.Build.0 = Debug|Any CPU
		{C0E3077D-A138-4A93-B007-CB4913EB021F}.Release|Any CPU.ActiveCfg = Release|Any CPU
		{C0E3077D-A138-4A93-B007-CB4913EB021F}.Release|Any CPU.Build.0 = Release|Any CPU
		{C0E3077D-A138-4A93-B007-CB4913EB021F}.Release|x64.ActiveCfg = Release|Any CPU
		{C0E3077D-A138-4A93-B007-CB4913EB021F}.Release|x64.Build.0 = Release|Any CPU
		{C0E3077D-A138-4A93-B007-CB4913EB021F}.Release|x86.ActiveCfg = Release|Any CPU
		{C0E3077D-A138-4A93-B007-CB4913EB021F}.Release|x86.Build.0 = Release|Any CPU
		{EF1E1F4C-6D34-4D81-8624-884976D15173}.Debug|Any CPU.ActiveCfg = Debug|Any CPU
		{EF1E1F4C-6D34-4D81-8624-884976D15173}.Debug|Any CPU.Build.0 = Debug|Any CPU
		{EF1E1F4C-6D34-4D81-8624-884976D15173}.Debug|x64.ActiveCfg = Debug|Any CPU
		{EF1E1F4C-6D34-4D81-8624-884976D15173}.Debug|x64.Build.0 = Debug|Any CPU
		{EF1E1F4C-6D34-4D81-8624-884976D15173}.Debug|x86.ActiveCfg = Debug|Any CPU
		{EF1E1F4C-6D34-4D81-8624-884976D15173}.Debug|x86.Build.0 = Debug|Any CPU
		{EF1E1F4C-6D34-4D81-8624-884976D15173}.Release|Any CPU.ActiveCfg = Release|Any CPU
		{EF1E1F4C-6D34-4D81-8624-884976D15173}.Release|Any CPU.Build.0 = Release|Any CPU
		{EF1E1F4C-6D34-4D81-8624-884976D15173}.Release|x64.ActiveCfg = Release|Any CPU
		{EF1E1F4C-6D34-4D81-8624-884976D15173}.Release|x64.Build.0 = Release|Any CPU
		{EF1E1F4C-6D34-4D81-8624-884976D15173}.Release|x86.ActiveCfg = Release|Any CPU
		{EF1E1F4C-6D34-4D81-8624-884976D15173}.Release|x86.Build.0 = Release|Any CPU
		{E7B44428-3253-4E11-8B0A-B14214874451}.Debug|Any CPU.ActiveCfg = Debug|Any CPU
		{E7B44428-3253-4E11-8B0A-B14214874451}.Debug|Any CPU.Build.0 = Debug|Any CPU
		{E7B44428-3253-4E11-8B0A-B14214874451}.Debug|x64.ActiveCfg = Debug|Any CPU
		{E7B44428-3253-4E11-8B0A-B14214874451}.Debug|x64.Build.0 = Debug|Any CPU
		{E7B44428-3253-4E11-8B0A-B14214874451}.Debug|x86.ActiveCfg = Debug|Any CPU
		{E7B44428-3253-4E11-8B0A-B14214874451}.Debug|x86.Build.0 = Debug|Any CPU
		{E7B44428-3253-4E11-8B0A-B14214874451}.Release|Any CPU.ActiveCfg = Release|Any CPU
		{E7B44428-3253-4E11-8B0A-B14214874451}.Release|Any CPU.Build.0 = Release|Any CPU
		{E7B44428-3253-4E11-8B0A-B14214874451}.Release|x64.ActiveCfg = Release|Any CPU
		{E7B44428-3253-4E11-8B0A-B14214874451}.Release|x64.Build.0 = Release|Any CPU
		{E7B44428-3253-4E11-8B0A-B14214874451}.Release|x86.ActiveCfg = Release|Any CPU
		{E7B44428-3253-4E11-8B0A-B14214874451}.Release|x86.Build.0 = Release|Any CPU
	EndGlobalSection
	GlobalSection(SolutionProperties) = preSolution
		HideSolutionNode = FALSE
	EndGlobalSection
	GlobalSection(ExtensibilityGlobals) = postSolution
		SolutionGuid = {FC312395-F1C4-4DF6-B3FE-35B081B3AEAD}
	EndGlobalSection
EndGlobal
