
Microsoft Visual Studio Solution File, Format Version 12.00
# Visual Studio Version 16
VisualStudioVersion = 16.0.28407.52
MinimumVisualStudioVersion = 15.0.26124.0
Project("{9A19103F-16F7-4668-BE54-9A1E7A4F7556}") = "IoT.Device", "IoT.Device\IoT.Device.csproj", "{23428DEE-5349-4E2E-BA99-EBFF938820C8}"
EndProject
Project("{9A19103F-16F7-4668-BE54-9A1E7A4F7556}") = "IoT.Device.Lumi", "IoT.Device.Lumi\IoT.Device.Lumi.csproj", "{49B82C80-3E10-4B80-91E6-A91E10050D49}"
EndProject
Project("{9A19103F-16F7-4668-BE54-9A1E7A4F7556}") = "IoT.Device.Upnp", "IoT.Device.Upnp\IoT.Device.Upnp.csproj", "{164BE944-6B6C-4341-8307-10AF904C09CF}"
EndProject
Project("{9A19103F-16F7-4668-BE54-9A1E7A4F7556}") = "IoT.Device.Upnp.Umi", "IoT.Device.Upnp.Umi\IoT.Device.Upnp.Umi.csproj", "{1E5ECF1A-B106-4007-93F5-B397AA5217E2}"
EndProject
Project("{2150E333-8FDC-42A3-9474-1A3956D46DE8}") = "OOs.Common", "OOs.Common", "{CD72BB6E-EF9B-49D8-B36A-90B5E9E17F22}"
EndProject
Project("{FAE04EC0-301F-11D3-BF4B-00C04F79EFBC}") = "OOs.Common", "IoT.Protocol\OOs.Common\OOs.Common\OOs.Common.csproj", "{0ADD0AFF-D901-4D5E-8AE8-313A7733719C}"
EndProject
Project("{FAE04EC0-301F-11D3-BF4B-00C04F79EFBC}") = "OOs.Common.CommandLine", "IoT.Protocol\OOs.Common\OOs.Common.CommandLine\OOs.Common.CommandLine.csproj", "{BE5843CB-537A-4245-887F-CC684236BCCC}"
EndProject
Project("{FAE04EC0-301F-11D3-BF4B-00C04F79EFBC}") = "IoT.Device.Yeelight", "IoT.Device.Yeelight\IoT.Device.Yeelight.csproj", "{1EDE073E-5900-42E1-8089-FAB8716813C6}"
EndProject
Project("{2150E333-8FDC-42A3-9474-1A3956D46DE8}") = "IoT.Protocol", "IoT.Protocol", "{81915B72-FDE8-4DB2-8C59-550253077B49}"
EndProject
Project("{FAE04EC0-301F-11D3-BF4B-00C04F79EFBC}") = "IoT.Protocol", "IoT.Protocol\IoT.Protocol\IoT.Protocol.csproj", "{57A06F9C-6A93-4617-B099-199C615B79C0}"
EndProject
Project("{FAE04EC0-301F-11D3-BF4B-00C04F79EFBC}") = "IoT.Protocol.Lumi", "IoT.Protocol\IoT.Protocol.Lumi\IoT.Protocol.Lumi.csproj", "{864362AD-3868-41AF-8192-14FFCA4D783E}"
EndProject
Project("{FAE04EC0-301F-11D3-BF4B-00C04F79EFBC}") = "IoT.Protocol.Soap", "IoT.Protocol\IoT.Protocol.Soap\IoT.Protocol.Soap.csproj", "{EF7D0E4D-9AC1-467A-9500-48EDFE9F1923}"
EndProject
Project("{FAE04EC0-301F-11D3-BF4B-00C04F79EFBC}") = "IoT.Protocol.Upnp", "IoT.Protocol\IoT.Protocol.Upnp\IoT.Protocol.Upnp.csproj", "{63B8BB1D-CD08-4975-9C46-39CE47A8398D}"
EndProject
Project("{FAE04EC0-301F-11D3-BF4B-00C04F79EFBC}") = "IoT.Protocol.Yeelight", "IoT.Protocol\IoT.Protocol.Yeelight\IoT.Protocol.Yeelight.csproj", "{1CA823A7-A182-400F-A7C1-DA85BE771934}"
EndProject
Project("{FAE04EC0-301F-11D3-BF4B-00C04F79EFBC}") = "OOs.Extensions.Configuration", "IoT.Protocol\OOs.Common\OOs.Extensions.Configuration\OOs.Extensions.Configuration.csproj", "{0FAE26A5-1E92-4FEE-A896-0389621EDFA7}"
EndProject
Global
	GlobalSection(SolutionConfigurationPlatforms) = preSolution
		Debug|Any CPU = Debug|Any CPU
		Debug|x64 = Debug|x64
		Debug|x86 = Debug|x86
		Release|Any CPU = Release|Any CPU
		Release|x64 = Release|x64
		Release|x86 = Release|x86
	EndGlobalSection
	GlobalSection(ProjectConfigurationPlatforms) = postSolution
		{0ADD0AFF-D901-4D5E-8AE8-313A7733719C}.Debug|Any CPU.ActiveCfg = Debug|Any CPU
		{0ADD0AFF-D901-4D5E-8AE8-313A7733719C}.Debug|Any CPU.Build.0 = Debug|Any CPU
		{0ADD0AFF-D901-4D5E-8AE8-313A7733719C}.Release|Any CPU.ActiveCfg = Release|Any CPU
		{0ADD0AFF-D901-4D5E-8AE8-313A7733719C}.Release|Any CPU.Build.0 = Release|Any CPU
		{BE5843CB-537A-4245-887F-CC684236BCCC}.Debug|Any CPU.ActiveCfg = Debug|Any CPU
		{BE5843CB-537A-4245-887F-CC684236BCCC}.Debug|Any CPU.Build.0 = Debug|Any CPU
		{BE5843CB-537A-4245-887F-CC684236BCCC}.Release|Any CPU.ActiveCfg = Release|Any CPU
		{BE5843CB-537A-4245-887F-CC684236BCCC}.Release|Any CPU.Build.0 = Release|Any CPU
		{1EDE073E-5900-42E1-8089-FAB8716813C6}.Debug|Any CPU.ActiveCfg = Debug|Any CPU
		{1EDE073E-5900-42E1-8089-FAB8716813C6}.Debug|Any CPU.Build.0 = Debug|Any CPU
		{1EDE073E-5900-42E1-8089-FAB8716813C6}.Debug|x64.ActiveCfg = Debug|Any CPU
		{1EDE073E-5900-42E1-8089-FAB8716813C6}.Debug|x64.Build.0 = Debug|Any CPU
		{1EDE073E-5900-42E1-8089-FAB8716813C6}.Debug|x86.ActiveCfg = Debug|Any CPU
		{1EDE073E-5900-42E1-8089-FAB8716813C6}.Debug|x86.Build.0 = Debug|Any CPU
		{1EDE073E-5900-42E1-8089-FAB8716813C6}.Release|Any CPU.ActiveCfg = Release|Any CPU
		{1EDE073E-5900-42E1-8089-FAB8716813C6}.Release|Any CPU.Build.0 = Release|Any CPU
		{1EDE073E-5900-42E1-8089-FAB8716813C6}.Release|x64.ActiveCfg = Release|Any CPU
		{1EDE073E-5900-42E1-8089-FAB8716813C6}.Release|x64.Build.0 = Release|Any CPU
		{1EDE073E-5900-42E1-8089-FAB8716813C6}.Release|x86.ActiveCfg = Release|Any CPU
		{1EDE073E-5900-42E1-8089-FAB8716813C6}.Release|x86.Build.0 = Release|Any CPU
		{57A06F9C-6A93-4617-B099-199C615B79C0}.Debug|Any CPU.ActiveCfg = Debug|Any CPU
		{57A06F9C-6A93-4617-B099-199C615B79C0}.Debug|Any CPU.Build.0 = Debug|Any CPU
		{57A06F9C-6A93-4617-B099-199C615B79C0}.Debug|x64.ActiveCfg = Debug|Any CPU
		{57A06F9C-6A93-4617-B099-199C615B79C0}.Debug|x64.Build.0 = Debug|Any CPU
		{57A06F9C-6A93-4617-B099-199C615B79C0}.Debug|x86.ActiveCfg = Debug|Any CPU
		{57A06F9C-6A93-4617-B099-199C615B79C0}.Debug|x86.Build.0 = Debug|Any CPU
		{57A06F9C-6A93-4617-B099-199C615B79C0}.Release|Any CPU.ActiveCfg = Release|Any CPU
		{57A06F9C-6A93-4617-B099-199C615B79C0}.Release|Any CPU.Build.0 = Release|Any CPU
		{57A06F9C-6A93-4617-B099-199C615B79C0}.Release|x64.ActiveCfg = Release|Any CPU
		{57A06F9C-6A93-4617-B099-199C615B79C0}.Release|x64.Build.0 = Release|Any CPU
		{57A06F9C-6A93-4617-B099-199C615B79C0}.Release|x86.ActiveCfg = Release|Any CPU
		{57A06F9C-6A93-4617-B099-199C615B79C0}.Release|x86.Build.0 = Release|Any CPU
		{864362AD-3868-41AF-8192-14FFCA4D783E}.Debug|Any CPU.ActiveCfg = Debug|Any CPU
		{864362AD-3868-41AF-8192-14FFCA4D783E}.Debug|Any CPU.Build.0 = Debug|Any CPU
		{864362AD-3868-41AF-8192-14FFCA4D783E}.Debug|x64.ActiveCfg = Debug|Any CPU
		{864362AD-3868-41AF-8192-14FFCA4D783E}.Debug|x64.Build.0 = Debug|Any CPU
		{864362AD-3868-41AF-8192-14FFCA4D783E}.Debug|x86.ActiveCfg = Debug|Any CPU
		{864362AD-3868-41AF-8192-14FFCA4D783E}.Debug|x86.Build.0 = Debug|Any CPU
		{864362AD-3868-41AF-8192-14FFCA4D783E}.Release|Any CPU.ActiveCfg = Release|Any CPU
		{864362AD-3868-41AF-8192-14FFCA4D783E}.Release|Any CPU.Build.0 = Release|Any CPU
		{864362AD-3868-41AF-8192-14FFCA4D783E}.Release|x64.ActiveCfg = Release|Any CPU
		{864362AD-3868-41AF-8192-14FFCA4D783E}.Release|x64.Build.0 = Release|Any CPU
		{864362AD-3868-41AF-8192-14FFCA4D783E}.Release|x86.ActiveCfg = Release|Any CPU
		{864362AD-3868-41AF-8192-14FFCA4D783E}.Release|x86.Build.0 = Release|Any CPU
		{EF7D0E4D-9AC1-467A-9500-48EDFE9F1923}.Debug|Any CPU.ActiveCfg = Debug|Any CPU
		{EF7D0E4D-9AC1-467A-9500-48EDFE9F1923}.Debug|Any CPU.Build.0 = Debug|Any CPU
		{EF7D0E4D-9AC1-467A-9500-48EDFE9F1923}.Debug|x64.ActiveCfg = Debug|Any CPU
		{EF7D0E4D-9AC1-467A-9500-48EDFE9F1923}.Debug|x64.Build.0 = Debug|Any CPU
		{EF7D0E4D-9AC1-467A-9500-48EDFE9F1923}.Debug|x86.ActiveCfg = Debug|Any CPU
		{EF7D0E4D-9AC1-467A-9500-48EDFE9F1923}.Debug|x86.Build.0 = Debug|Any CPU
		{EF7D0E4D-9AC1-467A-9500-48EDFE9F1923}.Release|Any CPU.ActiveCfg = Release|Any CPU
		{EF7D0E4D-9AC1-467A-9500-48EDFE9F1923}.Release|Any CPU.Build.0 = Release|Any CPU
		{EF7D0E4D-9AC1-467A-9500-48EDFE9F1923}.Release|x64.ActiveCfg = Release|Any CPU
		{EF7D0E4D-9AC1-467A-9500-48EDFE9F1923}.Release|x64.Build.0 = Release|Any CPU
		{EF7D0E4D-9AC1-467A-9500-48EDFE9F1923}.Release|x86.ActiveCfg = Release|Any CPU
		{EF7D0E4D-9AC1-467A-9500-48EDFE9F1923}.Release|x86.Build.0 = Release|Any CPU
		{63B8BB1D-CD08-4975-9C46-39CE47A8398D}.Debug|Any CPU.ActiveCfg = Debug|Any CPU
		{63B8BB1D-CD08-4975-9C46-39CE47A8398D}.Debug|Any CPU.Build.0 = Debug|Any CPU
		{63B8BB1D-CD08-4975-9C46-39CE47A8398D}.Debug|x64.ActiveCfg = Debug|Any CPU
		{63B8BB1D-CD08-4975-9C46-39CE47A8398D}.Debug|x64.Build.0 = Debug|Any CPU
		{63B8BB1D-CD08-4975-9C46-39CE47A8398D}.Debug|x86.ActiveCfg = Debug|Any CPU
		{63B8BB1D-CD08-4975-9C46-39CE47A8398D}.Debug|x86.Build.0 = Debug|Any CPU
		{63B8BB1D-CD08-4975-9C46-39CE47A8398D}.Release|Any CPU.ActiveCfg = Release|Any CPU
		{63B8BB1D-CD08-4975-9C46-39CE47A8398D}.Release|Any CPU.Build.0 = Release|Any CPU
		{63B8BB1D-CD08-4975-9C46-39CE47A8398D}.Release|x64.ActiveCfg = Release|Any CPU
		{63B8BB1D-CD08-4975-9C46-39CE47A8398D}.Release|x64.Build.0 = Release|Any CPU
		{63B8BB1D-CD08-4975-9C46-39CE47A8398D}.Release|x86.ActiveCfg = Release|Any CPU
		{63B8BB1D-CD08-4975-9C46-39CE47A8398D}.Release|x86.Build.0 = Release|Any CPU
		{1CA823A7-A182-400F-A7C1-DA85BE771934}.Debug|Any CPU.ActiveCfg = Debug|Any CPU
		{1CA823A7-A182-400F-A7C1-DA85BE771934}.Debug|Any CPU.Build.0 = Debug|Any CPU
		{1CA823A7-A182-400F-A7C1-DA85BE771934}.Debug|x64.ActiveCfg = Debug|Any CPU
		{1CA823A7-A182-400F-A7C1-DA85BE771934}.Debug|x64.Build.0 = Debug|Any CPU
		{1CA823A7-A182-400F-A7C1-DA85BE771934}.Debug|x86.ActiveCfg = Debug|Any CPU
		{1CA823A7-A182-400F-A7C1-DA85BE771934}.Debug|x86.Build.0 = Debug|Any CPU
		{1CA823A7-A182-400F-A7C1-DA85BE771934}.Release|Any CPU.ActiveCfg = Release|Any CPU
		{1CA823A7-A182-400F-A7C1-DA85BE771934}.Release|Any CPU.Build.0 = Release|Any CPU
		{1CA823A7-A182-400F-A7C1-DA85BE771934}.Release|x64.ActiveCfg = Release|Any CPU
		{1CA823A7-A182-400F-A7C1-DA85BE771934}.Release|x64.Build.0 = Release|Any CPU
		{1CA823A7-A182-400F-A7C1-DA85BE771934}.Release|x86.ActiveCfg = Release|Any CPU
		{1CA823A7-A182-400F-A7C1-DA85BE771934}.Release|x86.Build.0 = Release|Any CPU
		{0FAE26A5-1E92-4FEE-A896-0389621EDFA7}.Debug|Any CPU.ActiveCfg = Debug|Any CPU
		{0FAE26A5-1E92-4FEE-A896-0389621EDFA7}.Debug|Any CPU.Build.0 = Debug|Any CPU
		{0FAE26A5-1E92-4FEE-A896-0389621EDFA7}.Debug|x64.ActiveCfg = Debug|Any CPU
		{0FAE26A5-1E92-4FEE-A896-0389621EDFA7}.Debug|x64.Build.0 = Debug|Any CPU
		{0FAE26A5-1E92-4FEE-A896-0389621EDFA7}.Debug|x86.ActiveCfg = Debug|Any CPU
		{0FAE26A5-1E92-4FEE-A896-0389621EDFA7}.Debug|x86.Build.0 = Debug|Any CPU
		{0FAE26A5-1E92-4FEE-A896-0389621EDFA7}.Release|Any CPU.ActiveCfg = Release|Any CPU
		{0FAE26A5-1E92-4FEE-A896-0389621EDFA7}.Release|Any CPU.Build.0 = Release|Any CPU
		{0FAE26A5-1E92-4FEE-A896-0389621EDFA7}.Release|x64.ActiveCfg = Release|Any CPU
		{0FAE26A5-1E92-4FEE-A896-0389621EDFA7}.Release|x64.Build.0 = Release|Any CPU
		{0FAE26A5-1E92-4FEE-A896-0389621EDFA7}.Release|x86.ActiveCfg = Release|Any CPU
		{0FAE26A5-1E92-4FEE-A896-0389621EDFA7}.Release|x86.Build.0 = Release|Any CPU
	EndGlobalSection
	GlobalSection(SolutionProperties) = preSolution
		HideSolutionNode = FALSE
	EndGlobalSection
	GlobalSection(NestedProjects) = preSolution
		{0ADD0AFF-D901-4D5E-8AE8-313A7733719C} = {CD72BB6E-EF9B-49D8-B36A-90B5E9E17F22}
		{BE5843CB-537A-4245-887F-CC684236BCCC} = {CD72BB6E-EF9B-49D8-B36A-90B5E9E17F22}
		{57A06F9C-6A93-4617-B099-199C615B79C0} = {81915B72-FDE8-4DB2-8C59-550253077B49}
		{864362AD-3868-41AF-8192-14FFCA4D783E} = {81915B72-FDE8-4DB2-8C59-550253077B49}
		{EF7D0E4D-9AC1-467A-9500-48EDFE9F1923} = {81915B72-FDE8-4DB2-8C59-550253077B49}
		{63B8BB1D-CD08-4975-9C46-39CE47A8398D} = {81915B72-FDE8-4DB2-8C59-550253077B49}
		{1CA823A7-A182-400F-A7C1-DA85BE771934} = {81915B72-FDE8-4DB2-8C59-550253077B49}
		{0FAE26A5-1E92-4FEE-A896-0389621EDFA7} = {CD72BB6E-EF9B-49D8-B36A-90B5E9E17F22}
	EndGlobalSection
	GlobalSection(ExtensibilityGlobals) = postSolution
		SolutionGuid = {FC312395-F1C4-4DF6-B3FE-35B081B3AEAD}
	EndGlobalSection
EndGlobal
